// !$*UTF8*$!
{
	archiveVersion = 1;
	classes = {
	};
	objectVersion = 50;
	objects = {

/* Begin PBXBuildFile section */
		3B04E84E213D122E00693B63 /* NowPlayingViewController.swift in Sources */ = {isa = PBXBuildFile; fileRef = 3B04E84D213D122E00693B63 /* NowPlayingViewController.swift */; };
		3B4802452139F93600EB92E5 /* AppDelegate.swift in Sources */ = {isa = PBXBuildFile; fileRef = 3B4802442139F93600EB92E5 /* AppDelegate.swift */; };
		3B48024A2139F93600EB92E5 /* Main.storyboard in Resources */ = {isa = PBXBuildFile; fileRef = 3B4802482139F93600EB92E5 /* Main.storyboard */; };
		3B48024C2139F93700EB92E5 /* Assets.xcassets in Resources */ = {isa = PBXBuildFile; fileRef = 3B48024B2139F93700EB92E5 /* Assets.xcassets */; };
		3B48024F2139F93700EB92E5 /* LaunchScreen.storyboard in Resources */ = {isa = PBXBuildFile; fileRef = 3B48024D2139F93700EB92E5 /* LaunchScreen.storyboard */; };
		3B48025A2139F93700EB92E5 /* flixTests.swift in Sources */ = {isa = PBXBuildFile; fileRef = 3B4802592139F93700EB92E5 /* flixTests.swift */; };
		3B4802652139F93700EB92E5 /* flixUITests.swift in Sources */ = {isa = PBXBuildFile; fileRef = 3B4802642139F93700EB92E5 /* flixUITests.swift */; };
/* End PBXBuildFile section */

/* Begin PBXContainerItemProxy section */
		3B4802562139F93700EB92E5 /* PBXContainerItemProxy */ = {
			isa = PBXContainerItemProxy;
			containerPortal = 3B4802392139F93600EB92E5 /* Project object */;
			proxyType = 1;
			remoteGlobalIDString = 3B4802402139F93600EB92E5;
			remoteInfo = flix;
		};
		3B4802612139F93700EB92E5 /* PBXContainerItemProxy */ = {
			isa = PBXContainerItemProxy;
			containerPortal = 3B4802392139F93600EB92E5 /* Project object */;
			proxyType = 1;
			remoteGlobalIDString = 3B4802402139F93600EB92E5;
			remoteInfo = flix;
		};
/* End PBXContainerItemProxy section */

/* Begin PBXFileReference section */
		3B04E84D213D122E00693B63 /* NowPlayingViewController.swift */ = {isa = PBXFileReference; lastKnownFileType = sourcecode.swift; path = NowPlayingViewController.swift; sourceTree = "<group>"; };
		3B4802412139F93600EB92E5 /* flix.app */ = {isa = PBXFileReference; explicitFileType = wrapper.application; includeInIndex = 0; path = flix.app; sourceTree = BUILT_PRODUCTS_DIR; };
		3B4802442139F93600EB92E5 /* AppDelegate.swift */ = {isa = PBXFileReference; lastKnownFileType = sourcecode.swift; path = AppDelegate.swift; sourceTree = "<group>"; };
		3B4802492139F93600EB92E5 /* Base */ = {isa = PBXFileReference; lastKnownFileType = file.storyboard; name = Base; path = Base.lproj/Main.storyboard; sourceTree = "<group>"; };
		3B48024B2139F93700EB92E5 /* Assets.xcassets */ = {isa = PBXFileReference; lastKnownFileType = folder.assetcatalog; path = Assets.xcassets; sourceTree = "<group>"; };
		3B48024E2139F93700EB92E5 /* Base */ = {isa = PBXFileReference; lastKnownFileType = file.storyboard; name = Base; path = Base.lproj/LaunchScreen.storyboard; sourceTree = "<group>"; };
		3B4802502139F93700EB92E5 /* Info.plist */ = {isa = PBXFileReference; lastKnownFileType = text.plist.xml; path = Info.plist; sourceTree = "<group>"; };
		3B4802552139F93700EB92E5 /* flixTests.xctest */ = {isa = PBXFileReference; explicitFileType = wrapper.cfbundle; includeInIndex = 0; path = flixTests.xctest; sourceTree = BUILT_PRODUCTS_DIR; };
		3B4802592139F93700EB92E5 /* flixTests.swift */ = {isa = PBXFileReference; lastKnownFileType = sourcecode.swift; path = flixTests.swift; sourceTree = "<group>"; };
		3B48025B2139F93700EB92E5 /* Info.plist */ = {isa = PBXFileReference; lastKnownFileType = text.plist.xml; path = Info.plist; sourceTree = "<group>"; };
		3B4802602139F93700EB92E5 /* flixUITests.xctest */ = {isa = PBXFileReference; explicitFileType = wrapper.cfbundle; includeInIndex = 0; path = flixUITests.xctest; sourceTree = BUILT_PRODUCTS_DIR; };
		3B4802642139F93700EB92E5 /* flixUITests.swift */ = {isa = PBXFileReference; lastKnownFileType = sourcecode.swift; path = flixUITests.swift; sourceTree = "<group>"; };
		3B4802662139F93700EB92E5 /* Info.plist */ = {isa = PBXFileReference; lastKnownFileType = text.plist.xml; path = Info.plist; sourceTree = "<group>"; };
/* End PBXFileReference section */

/* Begin PBXFrameworksBuildPhase section */
		3B48023E2139F93600EB92E5 /* Frameworks */ = {
			isa = PBXFrameworksBuildPhase;
			buildActionMask = 2147483647;
			files = (
			);
			runOnlyForDeploymentPostprocessing = 0;
		};
		3B4802522139F93700EB92E5 /* Frameworks */ = {
			isa = PBXFrameworksBuildPhase;
			buildActionMask = 2147483647;
			files = (
			);
			runOnlyForDeploymentPostprocessing = 0;
		};
		3B48025D2139F93700EB92E5 /* Frameworks */ = {
			isa = PBXFrameworksBuildPhase;
			buildActionMask = 2147483647;
			files = (
			);
			runOnlyForDeploymentPostprocessing = 0;
		};
/* End PBXFrameworksBuildPhase section */

/* Begin PBXGroup section */
		3B4802382139F93600EB92E5 = {
			isa = PBXGroup;
			children = (
				3B4802432139F93600EB92E5 /* flix */,
				3B4802582139F93700EB92E5 /* flixTests */,
				3B4802632139F93700EB92E5 /* flixUITests */,
				3B4802422139F93600EB92E5 /* Products */,
			);
			sourceTree = "<group>";
		};
		3B4802422139F93600EB92E5 /* Products */ = {
			isa = PBXGroup;
			children = (
				3B4802412139F93600EB92E5 /* flix.app */,
				3B4802552139F93700EB92E5 /* flixTests.xctest */,
				3B4802602139F93700EB92E5 /* flixUITests.xctest */,
			);
			name = Products;
			sourceTree = "<group>";
		};
		3B4802432139F93600EB92E5 /* flix */ = {
			isa = PBXGroup;
			children = (
				3B04E84D213D122E00693B63 /* NowPlayingViewController.swift */,
				3B4802442139F93600EB92E5 /* AppDelegate.swift */,
				3B4802482139F93600EB92E5 /* Main.storyboard */,
				3B48024B2139F93700EB92E5 /* Assets.xcassets */,
				3B48024D2139F93700EB92E5 /* LaunchScreen.storyboard */,
				3B4802502139F93700EB92E5 /* Info.plist */,
			);
			path = flix;
			sourceTree = "<group>";
		};
		3B4802582139F93700EB92E5 /* flixTests */ = {
			isa = PBXGroup;
			children = (
				3B4802592139F93700EB92E5 /* flixTests.swift */,
				3B48025B2139F93700EB92E5 /* Info.plist */,
			);
			path = flixTests;
			sourceTree = "<group>";
		};
		3B4802632139F93700EB92E5 /* flixUITests */ = {
			isa = PBXGroup;
			children = (
				3B4802642139F93700EB92E5 /* flixUITests.swift */,
				3B4802662139F93700EB92E5 /* Info.plist */,
			);
			path = flixUITests;
			sourceTree = "<group>";
		};
/* End PBXGroup section */

/* Begin PBXNativeTarget section */
		3B4802402139F93600EB92E5 /* flix */ = {
			isa = PBXNativeTarget;
			buildConfigurationList = 3B4802692139F93700EB92E5 /* Build configuration list for PBXNativeTarget "flix" */;
			buildPhases = (
				3B48023D2139F93600EB92E5 /* Sources */,
				3B48023E2139F93600EB92E5 /* Frameworks */,
				3B48023F2139F93600EB92E5 /* Resources */,
			);
			buildRules = (
			);
			dependencies = (
			);
			name = flix;
			productName = flix;
			productReference = 3B4802412139F93600EB92E5 /* flix.app */;
			productType = "com.apple.product-type.application";
		};
		3B4802542139F93700EB92E5 /* flixTests */ = {
			isa = PBXNativeTarget;
			buildConfigurationList = 3B48026C2139F93700EB92E5 /* Build configuration list for PBXNativeTarget "flixTests" */;
			buildPhases = (
				3B4802512139F93700EB92E5 /* Sources */,
				3B4802522139F93700EB92E5 /* Frameworks */,
				3B4802532139F93700EB92E5 /* Resources */,
			);
			buildRules = (
			);
			dependencies = (
				3B4802572139F93700EB92E5 /* PBXTargetDependency */,
			);
			name = flixTests;
			productName = flixTests;
			productReference = 3B4802552139F93700EB92E5 /* flixTests.xctest */;
			productType = "com.apple.product-type.bundle.unit-test";
		};
		3B48025F2139F93700EB92E5 /* flixUITests */ = {
			isa = PBXNativeTarget;
			buildConfigurationList = 3B48026F2139F93700EB92E5 /* Build configuration list for PBXNativeTarget "flixUITests" */;
			buildPhases = (
				3B48025C2139F93700EB92E5 /* Sources */,
				3B48025D2139F93700EB92E5 /* Frameworks */,
				3B48025E2139F93700EB92E5 /* Resources */,
			);
			buildRules = (
			);
			dependencies = (
				3B4802622139F93700EB92E5 /* PBXTargetDependency */,
			);
			name = flixUITests;
			productName = flixUITests;
			productReference = 3B4802602139F93700EB92E5 /* flixUITests.xctest */;
			productType = "com.apple.product-type.bundle.ui-testing";
		};
/* End PBXNativeTarget section */

/* Begin PBXProject section */
		3B4802392139F93600EB92E5 /* Project object */ = {
			isa = PBXProject;
			attributes = {
				LastSwiftUpdateCheck = 0940;
				LastUpgradeCheck = 0940;
				ORGANIZATIONNAME = "Nithya Rajan";
				TargetAttributes = {
					3B4802402139F93600EB92E5 = {
						CreatedOnToolsVersion = 9.4.1;
					};
					3B4802542139F93700EB92E5 = {
						CreatedOnToolsVersion = 9.4.1;
						TestTargetID = 3B4802402139F93600EB92E5;
					};
					3B48025F2139F93700EB92E5 = {
						CreatedOnToolsVersion = 9.4.1;
						TestTargetID = 3B4802402139F93600EB92E5;
					};
				};
			};
			buildConfigurationList = 3B48023C2139F93600EB92E5 /* Build configuration list for PBXProject "flix" */;
			compatibilityVersion = "Xcode 9.3";
			developmentRegion = en;
			hasScannedForEncodings = 0;
			knownRegions = (
				en,
				Base,
			);
			mainGroup = 3B4802382139F93600EB92E5;
			productRefGroup = 3B4802422139F93600EB92E5 /* Products */;
			projectDirPath = "";
			projectRoot = "";
			targets = (
				3B4802402139F93600EB92E5 /* flix */,
				3B4802542139F93700EB92E5 /* flixTests */,
				3B48025F2139F93700EB92E5 /* flixUITests */,
			);
		};
/* End PBXProject section */

/* Begin PBXResourcesBuildPhase section */
		3B48023F2139F93600EB92E5 /* Resources */ = {
			isa = PBXResourcesBuildPhase;
			buildActionMask = 2147483647;
			files = (
				3B48024F2139F93700EB92E5 /* LaunchScreen.storyboard in Resources */,
				3B48024C2139F93700EB92E5 /* Assets.xcassets in Resources */,
				3B48024A2139F93600EB92E5 /* Main.storyboard in Resources */,
			);
			runOnlyForDeploymentPostprocessing = 0;
		};
		3B4802532139F93700EB92E5 /* Resources */ = {
			isa = PBXResourcesBuildPhase;
			buildActionMask = 2147483647;
			files = (
			);
			runOnlyForDeploymentPostprocessing = 0;
		};
		3B48025E2139F93700EB92E5 /* Resources */ = {
			isa = PBXResourcesBuildPhase;
			buildActionMask = 2147483647;
			files = (
			);
			runOnlyForDeploymentPostprocessing = 0;
		};
/* End PBXResourcesBuildPhase section */

/* Begin PBXSourcesBuildPhase section */
		3B48023D2139F93600EB92E5 /* Sources */ = {
			isa = PBXSourcesBuildPhase;
			buildActionMask = 2147483647;
			files = (
				3B04E84E213D122E00693B63 /* NowPlayingViewController.swift in Sources */,
				3B4802452139F93600EB92E5 /* AppDelegate.swift in Sources */,
			);
			runOnlyForDeploymentPostprocessing = 0;
		};
		3B4802512139F93700EB92E5 /* Sources */ = {
			isa = PBXSourcesBuildPhase;
			buildActionMask = 2147483647;
			files = (
				3B48025A2139F93700EB92E5 /* flixTests.swift in Sources */,
			);
			runOnlyForDeploymentPostprocessing = 0;
		};
		3B48025C2139F93700EB92E5 /* Sources */ = {
			isa = PBXSourcesBuildPhase;
			buildActionMask = 2147483647;
			files = (
				3B4802652139F93700EB92E5 /* flixUITests.swift in Sources */,
			);
			runOnlyForDeploymentPostprocessing = 0;
		};
/* End PBXSourcesBuildPhase section */

/* Begin PBXTargetDependency section */
		3B4802572139F93700EB92E5 /* PBXTargetDependency */ = {
			isa = PBXTargetDependency;
			target = 3B4802402139F93600EB92E5 /* flix */;
			targetProxy = 3B4802562139F93700EB92E5 /* PBXContainerItemProxy */;
		};
		3B4802622139F93700EB92E5 /* PBXTargetDependency */ = {
			isa = PBXTargetDependency;
			target = 3B4802402139F93600EB92E5 /* flix */;
			targetProxy = 3B4802612139F93700EB92E5 /* PBXContainerItemProxy */;
		};
/* End PBXTargetDependency section */

/* Begin PBXVariantGroup section */
		3B4802482139F93600EB92E5 /* Main.storyboard */ = {
			isa = PBXVariantGroup;
			children = (
				3B4802492139F93600EB92E5 /* Base */,
			);
			name = Main.storyboard;
			sourceTree = "<group>";
		};
		3B48024D2139F93700EB92E5 /* LaunchScreen.storyboard */ = {
			isa = PBXVariantGroup;
			children = (
				3B48024E2139F93700EB92E5 /* Base */,
			);
			name = LaunchScreen.storyboard;
			sourceTree = "<group>";
		};
/* End PBXVariantGroup section */

/* Begin XCBuildConfiguration section */
		3B4802672139F93700EB92E5 /* Debug */ = {
			isa = XCBuildConfiguration;
			buildSettings = {
				ALWAYS_SEARCH_USER_PATHS = NO;
				CLANG_ANALYZER_NONNULL = YES;
				CLANG_ANALYZER_NUMBER_OBJECT_CONVERSION = YES_AGGRESSIVE;
				CLANG_CXX_LANGUAGE_STANDARD = "gnu++14";
				CLANG_CXX_LIBRARY = "libc++";
				CLANG_ENABLE_MODULES = YES;
				CLANG_ENABLE_OBJC_ARC = YES;
				CLANG_ENABLE_OBJC_WEAK = YES;
				CLANG_WARN_BLOCK_CAPTURE_AUTORELEASING = YES;
				CLANG_WARN_BOOL_CONVERSION = YES;
				CLANG_WARN_COMMA = YES;
				CLANG_WARN_CONSTANT_CONVERSION = YES;
				CLANG_WARN_DEPRECATED_OBJC_IMPLEMENTATIONS = YES;
				CLANG_WARN_DIRECT_OBJC_ISA_USAGE = YES_ERROR;
				CLANG_WARN_DOCUMENTATION_COMMENTS = YES;
				CLANG_WARN_EMPTY_BODY = YES;
				CLANG_WARN_ENUM_CONVERSION = YES;
				CLANG_WARN_INFINITE_RECURSION = YES;
				CLANG_WARN_INT_CONVERSION = YES;
				CLANG_WARN_NON_LITERAL_NULL_CONVERSION = YES;
				CLANG_WARN_OBJC_IMPLICIT_RETAIN_SELF = YES;
				CLANG_WARN_OBJC_LITERAL_CONVERSION = YES;
				CLANG_WARN_OBJC_ROOT_CLASS = YES_ERROR;
				CLANG_WARN_RANGE_LOOP_ANALYSIS = YES;
				CLANG_WARN_STRICT_PROTOTYPES = YES;
				CLANG_WARN_SUSPICIOUS_MOVE = YES;
				CLANG_WARN_UNGUARDED_AVAILABILITY = YES_AGGRESSIVE;
				CLANG_WARN_UNREACHABLE_CODE = YES;
				CLANG_WARN__DUPLICATE_METHOD_MATCH = YES;
				CODE_SIGN_IDENTITY = "iPhone Developer";
				COPY_PHASE_STRIP = NO;
				DEBUG_INFORMATION_FORMAT = dwarf;
				ENABLE_STRICT_OBJC_MSGSEND = YES;
				ENABLE_TESTABILITY = YES;
				GCC_C_LANGUAGE_STANDARD = gnu11;
				GCC_DYNAMIC_NO_PIC = NO;
				GCC_NO_COMMON_BLOCKS = YES;
				GCC_OPTIMIZATION_LEVEL = 0;
				GCC_PREPROCESSOR_DEFINITIONS = (
					"DEBUG=1",
					"$(inherited)",
				);
				GCC_WARN_64_TO_32_BIT_CONVERSION = YES;
				GCC_WARN_ABOUT_RETURN_TYPE = YES_ERROR;
				GCC_WARN_UNDECLARED_SELECTOR = YES;
				GCC_WARN_UNINITIALIZED_AUTOS = YES_AGGRESSIVE;
				GCC_WARN_UNUSED_FUNCTION = YES;
				GCC_WARN_UNUSED_VARIABLE = YES;
				IPHONEOS_DEPLOYMENT_TARGET = 11.4;
				MTL_ENABLE_DEBUG_INFO = YES;
				ONLY_ACTIVE_ARCH = YES;
				SDKROOT = iphoneos;
				SWIFT_ACTIVE_COMPILATION_CONDITIONS = DEBUG;
				SWIFT_OPTIMIZATION_LEVEL = "-Onone";
			};
			name = Debug;
		};
		3B4802682139F93700EB92E5 /* Release */ = {
			isa = XCBuildConfiguration;
			buildSettings = {
				ALWAYS_SEARCH_USER_PATHS = NO;
				CLANG_ANALYZER_NONNULL = YES;
				CLANG_ANALYZER_NUMBER_OBJECT_CONVERSION = YES_AGGRESSIVE;
				CLANG_CXX_LANGUAGE_STANDARD = "gnu++14";
				CLANG_CXX_LIBRARY = "libc++";
				CLANG_ENABLE_MODULES = YES;
				CLANG_ENABLE_OBJC_ARC = YES;
				CLANG_ENABLE_OBJC_WEAK = YES;
				CLANG_WARN_BLOCK_CAPTURE_AUTORELEASING = YES;
				CLANG_WARN_BOOL_CONVERSION = YES;
				CLANG_WARN_COMMA = YES;
				CLANG_WARN_CONSTANT_CONVERSION = YES;
				CLANG_WARN_DEPRECATED_OBJC_IMPLEMENTATIONS = YES;
				CLANG_WARN_DIRECT_OBJC_ISA_USAGE = YES_ERROR;
				CLANG_WARN_DOCUMENTATION_COMMENTS = YES;
				CLANG_WARN_EMPTY_BODY = YES;
				CLANG_WARN_ENUM_CONVERSION = YES;
				CLANG_WARN_INFINITE_RECURSION = YES;
				CLANG_WARN_INT_CONVERSION = YES;
				CLANG_WARN_NON_LITERAL_NULL_CONVERSION = YES;
				CLANG_WARN_OBJC_IMPLICIT_RETAIN_SELF = YES;
				CLANG_WARN_OBJC_LITERAL_CONVERSION = YES;
				CLANG_WARN_OBJC_ROOT_CLASS = YES_ERROR;
				CLANG_WARN_RANGE_LOOP_ANALYSIS = YES;
				CLANG_WARN_STRICT_PROTOTYPES = YES;
				CLANG_WARN_SUSPICIOUS_MOVE = YES;
				CLANG_WARN_UNGUARDED_AVAILABILITY = YES_AGGRESSIVE;
				CLANG_WARN_UNREACHABLE_CODE = YES;
				CLANG_WARN__DUPLICATE_METHOD_MATCH = YES;
				CODE_SIGN_IDENTITY = "iPhone Developer";
				COPY_PHASE_STRIP = NO;
				DEBUG_INFORMATION_FORMAT = "dwarf-with-dsym";
				ENABLE_NS_ASSERTIONS = NO;
				ENABLE_STRICT_OBJC_MSGSEND = YES;
				GCC_C_LANGUAGE_STANDARD = gnu11;
				GCC_NO_COMMON_BLOCKS = YES;
				GCC_WARN_64_TO_32_BIT_CONVERSION = YES;
				GCC_WARN_ABOUT_RETURN_TYPE = YES_ERROR;
				GCC_WARN_UNDECLARED_SELECTOR = YES;
				GCC_WARN_UNINITIALIZED_AUTOS = YES_AGGRESSIVE;
				GCC_WARN_UNUSED_FUNCTION = YES;
				GCC_WARN_UNUSED_VARIABLE = YES;
				IPHONEOS_DEPLOYMENT_TARGET = 11.4;
				MTL_ENABLE_DEBUG_INFO = NO;
				SDKROOT = iphoneos;
				SWIFT_COMPILATION_MODE = wholemodule;
				SWIFT_OPTIMIZATION_LEVEL = "-O";
				VALIDATE_PRODUCT = YES;
			};
			name = Release;
		};
		3B48026A2139F93700EB92E5 /* Debug */ = {
			isa = XCBuildConfiguration;
			buildSettings = {
				ASSETCATALOG_COMPILER_APPICON_NAME = AppIcon;
				CODE_SIGN_STYLE = Automatic;
				INFOPLIST_FILE = flix/Info.plist;
				LD_RUNPATH_SEARCH_PATHS = (
					"$(inherited)",
					"@executable_path/Frameworks",
				);
				PRODUCT_BUNDLE_IDENTIFIER = com.flix;
				PRODUCT_NAME = "$(TARGET_NAME)";
				SWIFT_VERSION = 4.0;
				TARGETED_DEVICE_FAMILY = "1,2";
			};
			name = Debug;
		};
		3B48026B2139F93700EB92E5 /* Release */ = {
			isa = XCBuildConfiguration;
			buildSettings = {
				ASSETCATALOG_COMPILER_APPICON_NAME = AppIcon;
				CODE_SIGN_STYLE = Automatic;
				INFOPLIST_FILE = flix/Info.plist;
				LD_RUNPATH_SEARCH_PATHS = (
					"$(inherited)",
					"@executable_path/Frameworks",
				);
				PRODUCT_BUNDLE_IDENTIFIER = com.flix;
				PRODUCT_NAME = "$(TARGET_NAME)";
				SWIFT_VERSION = 4.0;
				TARGETED_DEVICE_FAMILY = "1,2";
			};
			name = Release;
		};
		3B48026D2139F93700EB92E5 /* Debug */ = {
			isa = XCBuildConfiguration;
			buildSettings = {
				ALWAYS_EMBED_SWIFT_STANDARD_LIBRARIES = YES;
				BUNDLE_LOADER = "$(TEST_HOST)";
				CODE_SIGN_STYLE = Automatic;
				INFOPLIST_FILE = flixTests/Info.plist;
				LD_RUNPATH_SEARCH_PATHS = (
					"$(inherited)",
					"@executable_path/Frameworks",
					"@loader_path/Frameworks",
				);
				PRODUCT_BUNDLE_IDENTIFIER = com.flixTests;
				PRODUCT_NAME = "$(TARGET_NAME)";
				SWIFT_VERSION = 4.0;
				TARGETED_DEVICE_FAMILY = "1,2";
				TEST_HOST = "$(BUILT_PRODUCTS_DIR)/flix.app/flix";
			};
			name = Debug;
		};
		3B48026E2139F93700EB92E5 /* Release */ = {
			isa = XCBuildConfiguration;
			buildSettings = {
				ALWAYS_EMBED_SWIFT_STANDARD_LIBRARIES = YES;
				BUNDLE_LOADER = "$(TEST_HOST)";
				CODE_SIGN_STYLE = Automatic;
				INFOPLIST_FILE = flixTests/Info.plist;
				LD_RUNPATH_SEARCH_PATHS = (
					"$(inherited)",
					"@executable_path/Frameworks",
					"@loader_path/Frameworks",
				);
				PRODUCT_BUNDLE_IDENTIFIER = com.flixTests;
				PRODUCT_NAME = "$(TARGET_NAME)";
				SWIFT_VERSION = 4.0;
				TARGETED_DEVICE_FAMILY = "1,2";
				TEST_HOST = "$(BUILT_PRODUCTS_DIR)/flix.app/flix";
			};
			name = Release;
		};
		3B4802702139F93700EB92E5 /* Debug */ = {
			isa = XCBuildConfiguration;
			buildSettings = {
				ALWAYS_EMBED_SWIFT_STANDARD_LIBRARIES = YES;
				CODE_SIGN_STYLE = Automatic;
				INFOPLIST_FILE = flixUITests/Info.plist;
				LD_RUNPATH_SEARCH_PATHS = (
					"$(inherited)",
					"@executable_path/Frameworks",
					"@loader_path/Frameworks",
				);
				PRODUCT_BUNDLE_IDENTIFIER = com.flixUITests;
				PRODUCT_NAME = "$(TARGET_NAME)";
				SWIFT_VERSION = 4.0;
				TARGETED_DEVICE_FAMILY = "1,2";
				TEST_TARGET_NAME = flix;
			};
			name = Debug;
		};
		3B4802712139F93700EB92E5 /* Release */ = {
			isa = XCBuildConfiguration;
			buildSettings = {
				ALWAYS_EMBED_SWIFT_STANDARD_LIBRARIES = YES;
				CODE_SIGN_STYLE = Automatic;
				INFOPLIST_FILE = flixUITests/Info.plist;
				LD_RUNPATH_SEARCH_PATHS = (
					"$(inherited)",
					"@executable_path/Frameworks",
					"@loader_path/Frameworks",
				);
				PRODUCT_BUNDLE_IDENTIFIER = com.flixUITests;
				PRODUCT_NAME = "$(TARGET_NAME)";
				SWIFT_VERSION = 4.0;
				TARGETED_DEVICE_FAMILY = "1,2";
				TEST_TARGET_NAME = flix;
			};
			name = Release;
		};
/* End XCBuildConfiguration section */

/* Begin XCConfigurationList section */
		3B48023C2139F93600EB92E5 /* Build configuration list for PBXProject "flix" */ = {
			isa = XCConfigurationList;
			buildConfigurations = (
				3B4802672139F93700EB92E5 /* Debug */,
				3B4802682139F93700EB92E5 /* Release */,
			);
			defaultConfigurationIsVisible = 0;
			defaultConfigurationName = Release;
		};
		3B4802692139F93700EB92E5 /* Build configuration list for PBXNativeTarget "flix" */ = {
			isa = XCConfigurationList;
			buildConfigurations = (
				3B48026A2139F93700EB92E5 /* Debug */,
				3B48026B2139F93700EB92E5 /* Release */,
			);
			defaultConfigurationIsVisible = 0;
			defaultConfigurationName = Release;
		};
		3B48026C2139F93700EB92E5 /* Build configuration list for PBXNativeTarget "flixTests" */ = {
			isa = XCConfigurationList;
			buildConfigurations = (
				3B48026D2139F93700EB92E5 /* Debug */,
				3B48026E2139F93700EB92E5 /* Release */,
			);
			defaultConfigurationIsVisible = 0;
			defaultConfigurationName = Release;
		};
		3B48026F2139F93700EB92E5 /* Build configuration list for PBXNativeTarget "flixUITests" */ = {
			isa = XCConfigurationList;
			buildConfigurations = (
				3B4802702139F93700EB92E5 /* Debug */,
				3B4802712139F93700EB92E5 /* Release */,
			);
			defaultConfigurationIsVisible = 0;
			defaultConfigurationName = Release;
		};
/* End XCConfigurationList section */
	};
	rootObject = 3B4802392139F93600EB92E5 /* Project object */;
}
